
Microsoft Visual Studio Solution File, Format Version 12.00
# Visual Studio Version 16
VisualStudioVersion = 16.0.33027.164
MinimumVisualStudioVersion = 10.0.40219.1
Project("{FAE04EC0-301F-11D3-BF4B-00C04F79EFBC}") = "Ejercicio 1_Subconjuntos de una Lista", "Ejercicio 1_Subconjuntos de una Lista\Ejercicio 1_Subconjuntos de una Lista.csproj", "{80186609-3DCA-49C2-BC63-0CAFB438F022}"
EndProject
Global
	GlobalSection(SolutionConfigurationPlatforms) = preSolution
		Debug|Any CPU = Debug|Any CPU
		Release|Any CPU = Release|Any CPU
	EndGlobalSection
	GlobalSection(ProjectConfigurationPlatforms) = postSolution
		{80186609-3DCA-49C2-BC63-0CAFB438F022}.Debug|Any CPU.ActiveCfg = Debug|Any CPU
		{80186609-3DCA-49C2-BC63-0CAFB438F022}.Debug|Any CPU.Build.0 = Debug|Any CPU
		{80186609-3DCA-49C2-BC63-0CAFB438F022}.Release|Any CPU.ActiveCfg = Release|Any CPU
		{80186609-3DCA-49C2-BC63-0CAFB438F022}.Release|Any CPU.Build.0 = Release|Any CPU
	EndGlobalSection
	GlobalSection(SolutionProperties) = preSolution
		HideSolutionNode = FALSE
	EndGlobalSection
	GlobalSection(ExtensibilityGlobals) = postSolution
		SolutionGuid = {4D5362BE-A76F-49AC-AF4E-D2E035530C91}
	EndGlobalSection
EndGlobal
