
Microsoft Visual Studio Solution File, Format Version 12.00
# Visual Studio Version 16
VisualStudioVersion = 16.0.33027.164
MinimumVisualStudioVersion = 10.0.40219.1
Project("{FAE04EC0-301F-11D3-BF4B-00C04F79EFBC}") = "Ejercicio 2_Buscar Palabra en Matriz", "Ejercicio 2_Buscar Palabra en Matriz\Ejercicio 2_Buscar Palabra en Matriz.csproj", "{48055994-F1ED-402E-8B02-058CF84D3A8D}"
EndProject
Global
	GlobalSection(SolutionConfigurationPlatforms) = preSolution
		Debug|Any CPU = Debug|Any CPU
		Release|Any CPU = Release|Any CPU
	EndGlobalSection
	GlobalSection(ProjectConfigurationPlatforms) = postSolution
		{48055994-F1ED-402E-8B02-058CF84D3A8D}.Debug|Any CPU.ActiveCfg = Debug|Any CPU
		{48055994-F1ED-402E-8B02-058CF84D3A8D}.Debug|Any CPU.Build.0 = Debug|Any CPU
		{48055994-F1ED-402E-8B02-058CF84D3A8D}.Release|Any CPU.ActiveCfg = Release|Any CPU
		{48055994-F1ED-402E-8B02-058CF84D3A8D}.Release|Any CPU.Build.0 = Release|Any CPU
	EndGlobalSection
	GlobalSection(SolutionProperties) = preSolution
		HideSolutionNode = FALSE
	EndGlobalSection
	GlobalSection(ExtensibilityGlobals) = postSolution
		SolutionGuid = {E17F00D3-1D7A-434D-8675-0FA385EF413C}
	EndGlobalSection
EndGlobal
